
Microsoft Visual Studio Solution File, Format Version 12.00
# Visual Studio 15
VisualStudioVersion = 15.0.28307.329
MinimumVisualStudioVersion = 10.0.40219.1
Project("{FAE04EC0-301F-11D3-BF4B-00C04F79EFBC}") = "iText", "iText\iText.csproj", "{AF0994E9-A99F-4B7B-A3C4-415BF0ED2097}"
EndProject
Global
	GlobalSection(SolutionConfigurationPlatforms) = preSolution
		Debug|Any CPU = Debug|Any CPU
		Release|Any CPU = Release|Any CPU
	EndGlobalSection
	GlobalSection(ProjectConfigurationPlatforms) = postSolution
		{AF0994E9-A99F-4B7B-A3C4-415BF0ED2097}.Debug|Any CPU.ActiveCfg = Debug|Any CPU
		{AF0994E9-A99F-4B7B-A3C4-415BF0ED2097}.Debug|Any CPU.Build.0 = Debug|Any CPU
		{AF0994E9-A99F-4B7B-A3C4-415BF0ED2097}.Release|Any CPU.ActiveCfg = Release|Any CPU
		{AF0994E9-A99F-4B7B-A3C4-415BF0ED2097}.Release|Any CPU.Build.0 = Release|Any CPU
	EndGlobalSection
	GlobalSection(SolutionProperties) = preSolution
		HideSolutionNode = FALSE
	EndGlobalSection
	GlobalSection(ExtensibilityGlobals) = postSolution
		SolutionGuid = {CDA7F0CB-6C53-4097-B8DE-74ED7DD1ECCB}
	EndGlobalSection
EndGlobal
