
Microsoft Visual Studio Solution File, Format Version 12.00
# Visual Studio Version 17
VisualStudioVersion = 17.0.31903.59
MinimumVisualStudioVersion = 10.0.40219.1
Project("{9A19103F-16F7-4668-BE54-9A1E7A4F7556}") = "Generator", "Generator\Generator.csproj", "{AA301875-0B97-45C6-937C-4599C8696670}"
EndProject
Project("{9A19103F-16F7-4668-BE54-9A1E7A4F7556}") = "GeneratorTest", "GeneratorTest\GeneratorTest.csproj", "{AD4030A6-C687-4806-BF7A-709954BA7AAD}"
EndProject
Project("{9A19103F-16F7-4668-BE54-9A1E7A4F7556}") = "PixelCanvas", "PixelCanvas\PixelCanvas.csproj", "{1DAA9A69-EB7D-4D16-A618-26F9C8D58EA0}"
EndProject
Project("{9A19103F-16F7-4668-BE54-9A1E7A4F7556}") = "PixelCanvasTest", "PixelCanvasTest\PixelCanvasTest.csproj", "{7D5D1D0D-7B04-44DE-B6FE-A79F4451396C}"
EndProject
Global
	GlobalSection(SolutionConfigurationPlatforms) = preSolution
		Debug|Any CPU = Debug|Any CPU
		Release|Any CPU = Release|Any CPU
	EndGlobalSection
	GlobalSection(ProjectConfigurationPlatforms) = postSolution
		{AA301875-0B97-45C6-937C-4599C8696670}.Debug|Any CPU.ActiveCfg = Debug|Any CPU
		{AA301875-0B97-45C6-937C-4599C8696670}.Debug|Any CPU.Build.0 = Debug|Any CPU
		{AA301875-0B97-45C6-937C-4599C8696670}.Release|Any CPU.ActiveCfg = Release|Any CPU
		{AA301875-0B97-45C6-937C-4599C8696670}.Release|Any CPU.Build.0 = Release|Any CPU
		{AD4030A6-C687-4806-BF7A-709954BA7AAD}.Debug|Any CPU.ActiveCfg = Debug|Any CPU
		{AD4030A6-C687-4806-BF7A-709954BA7AAD}.Debug|Any CPU.Build.0 = Debug|Any CPU
		{AD4030A6-C687-4806-BF7A-709954BA7AAD}.Release|Any CPU.ActiveCfg = Release|Any CPU
		{AD4030A6-C687-4806-BF7A-709954BA7AAD}.Release|Any CPU.Build.0 = Release|Any CPU
		{1DAA9A69-EB7D-4D16-A618-26F9C8D58EA0}.Debug|Any CPU.ActiveCfg = Debug|Any CPU
		{1DAA9A69-EB7D-4D16-A618-26F9C8D58EA0}.Debug|Any CPU.Build.0 = Debug|Any CPU
		{1DAA9A69-EB7D-4D16-A618-26F9C8D58EA0}.Release|Any CPU.ActiveCfg = Release|Any CPU
		{1DAA9A69-EB7D-4D16-A618-26F9C8D58EA0}.Release|Any CPU.Build.0 = Release|Any CPU
		{7D5D1D0D-7B04-44DE-B6FE-A79F4451396C}.Debug|Any CPU.ActiveCfg = Debug|Any CPU
		{7D5D1D0D-7B04-44DE-B6FE-A79F4451396C}.Debug|Any CPU.Build.0 = Debug|Any CPU
		{7D5D1D0D-7B04-44DE-B6FE-A79F4451396C}.Release|Any CPU.ActiveCfg = Release|Any CPU
		{7D5D1D0D-7B04-44DE-B6FE-A79F4451396C}.Release|Any CPU.Build.0 = Release|Any CPU
	EndGlobalSection
	GlobalSection(SolutionProperties) = preSolution
		HideSolutionNode = FALSE
	EndGlobalSection
	GlobalSection(ExtensibilityGlobals) = postSolution
		SolutionGuid = {0CBB873A-A030-4B2B-8A59-4F200E7B9C51}
	EndGlobalSection
EndGlobal
