
Microsoft Visual Studio Solution File, Format Version 12.00
# Visual Studio 15
VisualStudioVersion = 15.0.28307.168
MinimumVisualStudioVersion = 10.0.40219.1
Project("{FAE04EC0-301F-11D3-BF4B-00C04F79EFBC}") = "PNGGeneration", "PNGGeneration.csproj", "{C16D010D-E3AE-4C31-A7C5-4D17AB0C1F19}"
EndProject
Global
	GlobalSection(SolutionConfigurationPlatforms) = preSolution
		Debug|Any CPU = Debug|Any CPU
		Release|Any CPU = Release|Any CPU
	EndGlobalSection
	GlobalSection(ProjectConfigurationPlatforms) = postSolution
		{C16D010D-E3AE-4C31-A7C5-4D17AB0C1F19}.Debug|Any CPU.ActiveCfg = Debug|Any CPU
		{C16D010D-E3AE-4C31-A7C5-4D17AB0C1F19}.Debug|Any CPU.Build.0 = Debug|Any CPU
		{C16D010D-E3AE-4C31-A7C5-4D17AB0C1F19}.Release|Any CPU.ActiveCfg = Release|Any CPU
		{C16D010D-E3AE-4C31-A7C5-4D17AB0C1F19}.Release|Any CPU.Build.0 = Release|Any CPU
	EndGlobalSection
	GlobalSection(SolutionProperties) = preSolution
		HideSolutionNode = FALSE
	EndGlobalSection
	GlobalSection(ExtensibilityGlobals) = postSolution
		SolutionGuid = {54F577E4-7BDC-436D-B7E8-CEFB9371F478}
	EndGlobalSection
EndGlobal
