
Microsoft Visual Studio Solution File, Format Version 12.00
# Visual Studio Version 17
VisualStudioVersion = 17.0.31903.59
MinimumVisualStudioVersion = 10.0.40219.1
Project("{FAE04EC0-301F-11D3-BF4B-00C04F79EFBC}") = "WindowsForms", "WindowsForms.csproj", "{7B3614F8-3A8D-4D7B-AAF7-58BCA9C929A8}"
EndProject
Global
	GlobalSection(SolutionConfigurationPlatforms) = preSolution
		Debug|Any CPU = Debug|Any CPU
		Release|Any CPU = Release|Any CPU
	EndGlobalSection
	GlobalSection(ProjectConfigurationPlatforms) = postSolution
		{7B3614F8-3A8D-4D7B-AAF7-58BCA9C929A8}.Debug|Any CPU.ActiveCfg = Debug|Any CPU
		{7B3614F8-3A8D-4D7B-AAF7-58BCA9C929A8}.Debug|Any CPU.Build.0 = Debug|Any CPU
		{7B3614F8-3A8D-4D7B-AAF7-58BCA9C929A8}.Release|Any CPU.ActiveCfg = Release|Any CPU
		{7B3614F8-3A8D-4D7B-AAF7-58BCA9C929A8}.Release|Any CPU.Build.0 = Release|Any CPU
	EndGlobalSection
	GlobalSection(SolutionProperties) = preSolution
		HideSolutionNode = FALSE
	EndGlobalSection
	GlobalSection(ExtensibilityGlobals) = postSolution
		SolutionGuid = {D1CE520D-9D74-4D76-B0F5-67776415B182}
	EndGlobalSection
EndGlobal
