
Microsoft Visual Studio Solution File, Format Version 12.00
# Visual Studio Version 16
VisualStudioVersion = 16.0.29519.181
MinimumVisualStudioVersion = 10.0.40219.1
Project("{FAE04EC0-301F-11D3-BF4B-00C04F79EFBC}") = "PDFsharp", "PDFsharp.csproj", "{DB6018D4-8B75-4E43-A770-8B2D97B3E415}"
EndProject
Global
	GlobalSection(SolutionConfigurationPlatforms) = preSolution
		Debug|Any CPU = Debug|Any CPU
		Release|Any CPU = Release|Any CPU
	EndGlobalSection
	GlobalSection(ProjectConfigurationPlatforms) = postSolution
		{DB6018D4-8B75-4E43-A770-8B2D97B3E415}.Debug|Any CPU.ActiveCfg = Debug|Any CPU
		{DB6018D4-8B75-4E43-A770-8B2D97B3E415}.Debug|Any CPU.Build.0 = Debug|Any CPU
		{DB6018D4-8B75-4E43-A770-8B2D97B3E415}.Release|Any CPU.ActiveCfg = Release|Any CPU
		{DB6018D4-8B75-4E43-A770-8B2D97B3E415}.Release|Any CPU.Build.0 = Release|Any CPU
	EndGlobalSection
	GlobalSection(SolutionProperties) = preSolution
		HideSolutionNode = FALSE
	EndGlobalSection
	GlobalSection(ExtensibilityGlobals) = postSolution
		SolutionGuid = {AADD0FDA-6369-4554-A84D-1A350618A713}
	EndGlobalSection
EndGlobal
